
Microsoft Visual Studio Solution File, Format Version 12.00
# Visual Studio Version 17
VisualStudioVersion = 17.14.36603.0 d17.14
MinimumVisualStudioVersion = 10.0.40219.1
Project("{FAE04EC0-301F-11D3-BF4B-00C04F79EFBC}") = "paperwing", "paperwing.csproj", "{E696C67B-0052-4D29-8B3A-CD8E8974DBF6}"
EndProject
Global
	GlobalSection(SolutionConfigurationPlatforms) = preSolution
		Debug|Any CPU = Debug|Any CPU
		Release|Any CPU = Release|Any CPU
	EndGlobalSection
	GlobalSection(ProjectConfigurationPlatforms) = postSolution
		{E696C67B-0052-4D29-8B3A-CD8E8974DBF6}.Debug|Any CPU.ActiveCfg = Debug|Any CPU
		{E696C67B-0052-4D29-8B3A-CD8E8974DBF6}.Debug|Any CPU.Build.0 = Debug|Any CPU
		{E696C67B-0052-4D29-8B3A-CD8E8974DBF6}.Release|Any CPU.ActiveCfg = Release|Any CPU
		{E696C67B-0052-4D29-8B3A-CD8E8974DBF6}.Release|Any CPU.Build.0 = Release|Any CPU
	EndGlobalSection
	GlobalSection(SolutionProperties) = preSolution
		HideSolutionNode = FALSE
	EndGlobalSection
	GlobalSection(ExtensibilityGlobals) = postSolution
		SolutionGuid = {57697B55-20C5-4106-8FFF-CC6D29AE517C}
	EndGlobalSection
EndGlobal
